
Microsoft Visual Studio Solution File, Format Version 12.00
# Visual Studio Version 17
VisualStudioVersion = 17.2.32616.157
MinimumVisualStudioVersion = 10.0.40219.1
Project("{FAE04EC0-301F-11D3-BF4B-00C04F79EFBC}") = "VegaServer", "VegaServer\VegaServer.csproj", "{ABD22FAF-4DEE-46D4-914A-5513D21B6871}"
EndProject
Project("{FAE04EC0-301F-11D3-BF4B-00C04F79EFBC}") = "VegaServerCore", "VegaServerCore\VegaServerCore.csproj", "{17DCC2F1-E30E-40A5-BAE1-75B07E3E84C3}"
EndProject
Global
	GlobalSection(SolutionConfigurationPlatforms) = preSolution
		Debug|Any CPU = Debug|Any CPU
		Release|Any CPU = Release|Any CPU
	EndGlobalSection
	GlobalSection(ProjectConfigurationPlatforms) = postSolution
		{ABD22FAF-4DEE-46D4-914A-5513D21B6871}.Debug|Any CPU.ActiveCfg = Debug|Any CPU
		{ABD22FAF-4DEE-46D4-914A-5513D21B6871}.Debug|Any CPU.Build.0 = Debug|Any CPU
		{ABD22FAF-4DEE-46D4-914A-5513D21B6871}.Release|Any CPU.ActiveCfg = Release|Any CPU
		{ABD22FAF-4DEE-46D4-914A-5513D21B6871}.Release|Any CPU.Build.0 = Release|Any CPU
		{17DCC2F1-E30E-40A5-BAE1-75B07E3E84C3}.Debug|Any CPU.ActiveCfg = Debug|Any CPU
		{17DCC2F1-E30E-40A5-BAE1-75B07E3E84C3}.Debug|Any CPU.Build.0 = Debug|Any CPU
		{17DCC2F1-E30E-40A5-BAE1-75B07E3E84C3}.Release|Any CPU.ActiveCfg = Release|Any CPU
		{17DCC2F1-E30E-40A5-BAE1-75B07E3E84C3}.Release|Any CPU.Build.0 = Release|Any CPU
	EndGlobalSection
	GlobalSection(SolutionProperties) = preSolution
		HideSolutionNode = FALSE
	EndGlobalSection
	GlobalSection(ExtensibilityGlobals) = postSolution
		SolutionGuid = {701B58BA-3C12-4C88-AFB9-FBC48C5DB2BD}
	EndGlobalSection
EndGlobal
